{
  "nodes": {
    "nixpkgs": {
      "locked": {
        "lastModified": 1690441914,
        "narHash": "sha256-Ac+kJQ5z9MDAMyzSc0i0zJDx2i3qi9NjlW5Lz285G/I=",
        "owner": "NixOS",
        "repo": "nixpkgs",
        "rev": "db8672b8d0a2593c2405aed0c1dfa64b2a2f428f",
        "type": "github"
      },
      "original": {
        "owner": "NixOS",
        "ref": "nixpkgs-unstable",
        "repo": "nixpkgs",
        "type": "github"
      }
    },
    "root": {
      "inputs": {
        "nixpkgs": "nixpkgs"
      }
    }
  },
  "root": "root",
  "version": 7
}
